
Microsoft Visual Studio Solution File, Format Version 12.00
# Visual Studio 15
Project("{FAE04EC0-301F-11D3-BF4B-00C04F79EFBC}") = "Teacher_Student", "Assembly-CSharp.csproj", "{A19210BA-D68C-5C66-F35B-A307E048BD1A}"
EndProject
Global
	GlobalSection(SolutionConfigurationPlatforms) = preSolution
		Debug|Any CPU = Debug|Any CPU
		Release|Any CPU = Release|Any CPU
	EndGlobalSection
	GlobalSection(ProjectConfigurationPlatforms) = postSolution
		{A19210BA-D68C-5C66-F35B-A307E048BD1A}.Debug|Any CPU.ActiveCfg = Debug|Any CPU
		{A19210BA-D68C-5C66-F35B-A307E048BD1A}.Debug|Any CPU.Build.0 = Debug|Any CPU
		{A19210BA-D68C-5C66-F35B-A307E048BD1A}.Release|Any CPU.ActiveCfg = Release|Any CPU
		{A19210BA-D68C-5C66-F35B-A307E048BD1A}.Release|Any CPU.Build.0 = Release|Any CPU
	EndGlobalSection
	GlobalSection(SolutionProperties) = preSolution
		HideSolutionNode = FALSE
	EndGlobalSection
EndGlobal
